
Microsoft Visual Studio Solution File, Format Version 12.00
# Visual Studio Version 17
VisualStudioVersion = 17.9.34310.174
MinimumVisualStudioVersion = 10.0.40219.1
Project("{FAE04EC0-301F-11D3-BF4B-00C04F79EFBC}") = "NiceMovies", "NiceMovies\NiceMovies.csproj", "{EC99B5F3-F31D-4A3E-BFBE-9CEBDEBE468C}"
EndProject
Global
	GlobalSection(SolutionConfigurationPlatforms) = preSolution
		Debug|Any CPU = Debug|Any CPU
		Release|Any CPU = Release|Any CPU
	EndGlobalSection
	GlobalSection(ProjectConfigurationPlatforms) = postSolution
		{EC99B5F3-F31D-4A3E-BFBE-9CEBDEBE468C}.Debug|Any CPU.ActiveCfg = Debug|Any CPU
		{EC99B5F3-F31D-4A3E-BFBE-9CEBDEBE468C}.Debug|Any CPU.Build.0 = Debug|Any CPU
		{EC99B5F3-F31D-4A3E-BFBE-9CEBDEBE468C}.Release|Any CPU.ActiveCfg = Release|Any CPU
		{EC99B5F3-F31D-4A3E-BFBE-9CEBDEBE468C}.Release|Any CPU.Build.0 = Release|Any CPU
	EndGlobalSection
	GlobalSection(SolutionProperties) = preSolution
		HideSolutionNode = FALSE
	EndGlobalSection
	GlobalSection(ExtensibilityGlobals) = postSolution
		SolutionGuid = {DFF84096-28C5-4345-8491-36841CE3546B}
	EndGlobalSection
EndGlobal
